{
  "requires": true,
  "lockfileVersion": 1,
  "dependencies": {
    "bootstrap": {
      "version": "4.1.1",
      "resolved": "https://registry.npmjs.org/bootstrap/-/bootstrap-4.1.1.tgz",
      "integrity": "sha512-SpiDSOcbg4J/PjVSt4ny5eY6j74VbVSjROY4Fb/WIUXBV9cnb5luyR4KnPvNoXuGnBK1T+nJIWqRsvU3yP8Mcg=="
    },
    "jquery": {
      "version": "3.3.1",
      "resolved": "https://registry.npmjs.org/jquery/-/jquery-3.3.1.tgz",
      "integrity": "sha512-Ubldcmxp5np52/ENotGxlLe6aGMvmF4R8S6tZjsP6Knsaxd/xp3Zrh50cG93lR6nPXyUFwzN3ZSOQI0wRJNdGg=="
    },
    "startbootstrap-business-casual": {
      "version": "4.1.1",
      "resolved": "https://registry.npmjs.org/startbootstrap-business-casual/-/startbootstrap-business-casual-4.1.1.tgz",
      "integrity": "sha512-Ik02tZ1gAgBkWiDeKQrLiiWE5gjsSH2eoJgYpgiusf5jMueWANE4rSiynmfnClr4v7lFn6DxmSmDhBMY2UqTDA==",
      "requires": {
        "bootstrap": "4.1.1",
        "jquery": "3.3.1"
      }
    }
  }
}
